// !$*UTF8*$!
{
	archiveVersion = 1;
	classes = {
	};
	objectVersion = 53;
	objects = {

/* Begin PBXBuildFile section */
		4C55AE4122661FC200E61D60 /* AppDelegate.swift in Sources */ = {isa = PBXBuildFile; fileRef = 4C55AE4022661FC200E61D60 /* AppDelegate.swift */; };
		4C55AE4322661FC200E61D60 /* ViewController.swift in Sources */ = {isa = PBXBuildFile; fileRef = 4C55AE4222661FC200E61D60 /* ViewController.swift */; };
		4C55AE4622661FC200E61D60 /* Main.storyboard in Resources */ = {isa = PBXBuildFile; fileRef = 4C55AE4422661FC200E61D60 /* Main.storyboard */; };
		4C55AE4822661FC300E61D60 /* Assets.xcassets in Resources */ = {isa = PBXBuildFile; fileRef = 4C55AE4722661FC300E61D60 /* Assets.xcassets */; };
		4C55AE4B22661FC300E61D60 /* LaunchScreen.storyboard in Resources */ = {isa = PBXBuildFile; fileRef = 4C55AE4922661FC300E61D60 /* LaunchScreen.storyboard */; };
		4C55AE5322661FFF00E61D60 /* BeamConnectionProvider.swift in Sources */ = {isa = PBXBuildFile; fileRef = 4C55AE5222661FFF00E61D60 /* BeamConnectionProvider.swift */; };
		4C55AE55226623FD00E61D60 /* BeamConnectionConsumer.swift in Sources */ = {isa = PBXBuildFile; fileRef = 4C55AE54226623FD00E61D60 /* BeamConnectionConsumer.swift */; };
		4CCB30AC2A4DE91A005BAE97 /* BeamConnector.swift in Sources */ = {isa = PBXBuildFile; fileRef = 4CCB30AB2A4DE91A005BAE97 /* BeamConnector.swift */; };
/* End PBXBuildFile section */

/* Begin PBXFileReference section */
		4C1043622A4358690037EAD1 /* README.md */ = {isa = PBXFileReference; lastKnownFileType = net.daringfireball.markdown; path = README.md; sourceTree = "<group>"; };
		4C55AE3D22661FC200E61D60 /* Beam.app */ = {isa = PBXFileReference; explicitFileType = wrapper.application; includeInIndex = 0; path = Beam.app; sourceTree = BUILT_PRODUCTS_DIR; };
		4C55AE4022661FC200E61D60 /* AppDelegate.swift */ = {isa = PBXFileReference; lastKnownFileType = sourcecode.swift; path = AppDelegate.swift; sourceTree = "<group>"; };
		4C55AE4222661FC200E61D60 /* ViewController.swift */ = {isa = PBXFileReference; lastKnownFileType = sourcecode.swift; path = ViewController.swift; sourceTree = "<group>"; };
		4C55AE4522661FC200E61D60 /* Base */ = {isa = PBXFileReference; lastKnownFileType = file.storyboard; name = Base; path = Base.lproj/Main.storyboard; sourceTree = "<group>"; };
		4C55AE4722661FC300E61D60 /* Assets.xcassets */ = {isa = PBXFileReference; lastKnownFileType = folder.assetcatalog; path = Assets.xcassets; sourceTree = "<group>"; };
		4C55AE4A22661FC300E61D60 /* Base */ = {isa = PBXFileReference; lastKnownFileType = file.storyboard; name = Base; path = Base.lproj/LaunchScreen.storyboard; sourceTree = "<group>"; };
		4C55AE4C22661FC300E61D60 /* Info.plist */ = {isa = PBXFileReference; lastKnownFileType = text.plist.xml; path = Info.plist; sourceTree = "<group>"; };
		4C55AE5222661FFF00E61D60 /* BeamConnectionProvider.swift */ = {isa = PBXFileReference; lastKnownFileType = sourcecode.swift; path = BeamConnectionProvider.swift; sourceTree = "<group>"; };
		4C55AE54226623FD00E61D60 /* BeamConnectionConsumer.swift */ = {isa = PBXFileReference; lastKnownFileType = sourcecode.swift; path = BeamConnectionConsumer.swift; sourceTree = "<group>"; };
		4CCB30AB2A4DE91A005BAE97 /* BeamConnector.swift */ = {isa = PBXFileReference; lastKnownFileType = sourcecode.swift; path = BeamConnector.swift; sourceTree = "<group>"; };
/* End PBXFileReference section */

/* Begin PBXFrameworksBuildPhase section */
		4C55AE3A22661FC200E61D60 /* Frameworks */ = {
			isa = PBXFrameworksBuildPhase;
			buildActionMask = 2147483647;
			files = (
			);
			runOnlyForDeploymentPostprocessing = 0;
		};
/* End PBXFrameworksBuildPhase section */

/* Begin PBXGroup section */
		4C55AE3422661FC200E61D60 = {
			isa = PBXGroup;
			children = (
				4C1043622A4358690037EAD1 /* README.md */,
				4C55AE3F22661FC200E61D60 /* Beam */,
				4C55AE3E22661FC200E61D60 /* Products */,
			);
			sourceTree = "<group>";
		};
		4C55AE3E22661FC200E61D60 /* Products */ = {
			isa = PBXGroup;
			children = (
				4C55AE3D22661FC200E61D60 /* Beam.app */,
			);
			name = Products;
			sourceTree = "<group>";
		};
		4C55AE3F22661FC200E61D60 /* Beam */ = {
			isa = PBXGroup;
			children = (
				4CCB30AB2A4DE91A005BAE97 /* BeamConnector.swift */,
				4C55AE5222661FFF00E61D60 /* BeamConnectionProvider.swift */,
				4C55AE54226623FD00E61D60 /* BeamConnectionConsumer.swift */,
				4C55AE4022661FC200E61D60 /* AppDelegate.swift */,
				4C55AE4222661FC200E61D60 /* ViewController.swift */,
				4C55AE4422661FC200E61D60 /* Main.storyboard */,
				4C55AE4722661FC300E61D60 /* Assets.xcassets */,
				4C55AE4922661FC300E61D60 /* LaunchScreen.storyboard */,
				4C55AE4C22661FC300E61D60 /* Info.plist */,
			);
			path = Beam;
			sourceTree = "<group>";
		};
/* End PBXGroup section */

/* Begin PBXNativeTarget section */
		4C55AE3C22661FC200E61D60 /* Beam */ = {
			isa = PBXNativeTarget;
			buildConfigurationList = 4C55AE4F22661FC300E61D60 /* Build configuration list for PBXNativeTarget "Beam" */;
			buildPhases = (
				4C55AE3922661FC200E61D60 /* Sources */,
				4C55AE3A22661FC200E61D60 /* Frameworks */,
				4C55AE3B22661FC200E61D60 /* Resources */,
			);
			buildRules = (
			);
			dependencies = (
			);
			name = Beam;
			productName = Beam;
			productReference = 4C55AE3D22661FC200E61D60 /* Beam.app */;
			productType = "com.apple.product-type.application";
		};
/* End PBXNativeTarget section */

/* Begin PBXProject section */
		4C55AE3522661FC200E61D60 /* Project object */ = {
			isa = PBXProject;
			attributes = {
				BuildIndependentTargetsInParallel = YES;
				LastSwiftUpdateCheck = 1010;
				LastUpgradeCheck = 1430;
				ORGANIZATIONNAME = "ReactiveCode Studios";
				TargetAttributes = {
					4C55AE3C22661FC200E61D60 = {
						CreatedOnToolsVersion = 10.1;
					};
				};
			};
			buildConfigurationList = 4C55AE3822661FC200E61D60 /* Build configuration list for PBXProject "Beam" */;
			compatibilityVersion = "Xcode 9.3";
			developmentRegion = en;
			hasScannedForEncodings = 0;
			knownRegions = (
				en,
				Base,
			);
			mainGroup = 4C55AE3422661FC200E61D60;
			productRefGroup = 4C55AE3E22661FC200E61D60 /* Products */;
			projectDirPath = "";
			projectRoot = "";
			targets = (
				4C55AE3C22661FC200E61D60 /* Beam */,
			);
		};
/* End PBXProject section */

/* Begin PBXResourcesBuildPhase section */
		4C55AE3B22661FC200E61D60 /* Resources */ = {
			isa = PBXResourcesBuildPhase;
			buildActionMask = 2147483647;
			files = (
				4C55AE4B22661FC300E61D60 /* LaunchScreen.storyboard in Resources */,
				4C55AE4822661FC300E61D60 /* Assets.xcassets in Resources */,
				4C55AE4622661FC200E61D60 /* Main.storyboard in Resources */,
			);
			runOnlyForDeploymentPostprocessing = 0;
		};
/* End PBXResourcesBuildPhase section */

/* Begin PBXSourcesBuildPhase section */
		4C55AE3922661FC200E61D60 /* Sources */ = {
			isa = PBXSourcesBuildPhase;
			buildActionMask = 2147483647;
			files = (
				4C55AE55226623FD00E61D60 /* BeamConnectionConsumer.swift in Sources */,
				4C55AE5322661FFF00E61D60 /* BeamConnectionProvider.swift in Sources */,
				4C55AE4322661FC200E61D60 /* ViewController.swift in Sources */,
				4CCB30AC2A4DE91A005BAE97 /* BeamConnector.swift in Sources */,
				4C55AE4122661FC200E61D60 /* AppDelegate.swift in Sources */,
			);
			runOnlyForDeploymentPostprocessing = 0;
		};
/* End PBXSourcesBuildPhase section */

/* Begin PBXVariantGroup section */
		4C55AE4422661FC200E61D60 /* Main.storyboard */ = {
			isa = PBXVariantGroup;
			children = (
				4C55AE4522661FC200E61D60 /* Base */,
			);
			name = Main.storyboard;
			sourceTree = "<group>";
		};
		4C55AE4922661FC300E61D60 /* LaunchScreen.storyboard */ = {
			isa = PBXVariantGroup;
			children = (
				4C55AE4A22661FC300E61D60 /* Base */,
			);
			name = LaunchScreen.storyboard;
			sourceTree = "<group>";
		};
/* End PBXVariantGroup section */

/* Begin XCBuildConfiguration section */
		4C55AE4D22661FC300E61D60 /* Debug */ = {
			isa = XCBuildConfiguration;
			buildSettings = {
				ALWAYS_SEARCH_USER_PATHS = NO;
				CLANG_ANALYZER_NONNULL = YES;
				CLANG_ANALYZER_NUMBER_OBJECT_CONVERSION = YES_AGGRESSIVE;
				CLANG_CXX_LANGUAGE_STANDARD = "gnu++14";
				CLANG_CXX_LIBRARY = "libc++";
				CLANG_ENABLE_MODULES = YES;
				CLANG_ENABLE_OBJC_ARC = YES;
				CLANG_ENABLE_OBJC_WEAK = YES;
				CLANG_WARN_BLOCK_CAPTURE_AUTORELEASING = YES;
				CLANG_WARN_BOOL_CONVERSION = YES;
				CLANG_WARN_COMMA = YES;
				CLANG_WARN_CONSTANT_CONVERSION = YES;
				CLANG_WARN_DEPRECATED_OBJC_IMPLEMENTATIONS = YES;
				CLANG_WARN_DIRECT_OBJC_ISA_USAGE = YES_ERROR;
				CLANG_WARN_DOCUMENTATION_COMMENTS = YES;
				CLANG_WARN_EMPTY_BODY = YES;
				CLANG_WARN_ENUM_CONVERSION = YES;
				CLANG_WARN_INFINITE_RECURSION = YES;
				CLANG_WARN_INT_CONVERSION = YES;
				CLANG_WARN_NON_LITERAL_NULL_CONVERSION = YES;
				CLANG_WARN_OBJC_IMPLICIT_RETAIN_SELF = YES;
				CLANG_WARN_OBJC_LITERAL_CONVERSION = YES;
				CLANG_WARN_OBJC_ROOT_CLASS = YES_ERROR;
				CLANG_WARN_QUOTED_INCLUDE_IN_FRAMEWORK_HEADER = YES;
				CLANG_WARN_RANGE_LOOP_ANALYSIS = YES;
				CLANG_WARN_STRICT_PROTOTYPES = YES;
				CLANG_WARN_SUSPICIOUS_MOVE = YES;
				CLANG_WARN_UNGUARDED_AVAILABILITY = YES_AGGRESSIVE;
				CLANG_WARN_UNREACHABLE_CODE = YES;
				CLANG_WARN__DUPLICATE_METHOD_MATCH = YES;
				CODE_SIGN_IDENTITY = "iPhone Developer";
				COPY_PHASE_STRIP = NO;
				DEBUG_INFORMATION_FORMAT = dwarf;
				ENABLE_STRICT_OBJC_MSGSEND = YES;
				ENABLE_TESTABILITY = YES;
				GCC_C_LANGUAGE_STANDARD = gnu11;
				GCC_DYNAMIC_NO_PIC = NO;
				GCC_NO_COMMON_BLOCKS = YES;
				GCC_OPTIMIZATION_LEVEL = 0;
				GCC_PREPROCESSOR_DEFINITIONS = (
					"DEBUG=1",
					"$(inherited)",
				);
				GCC_WARN_64_TO_32_BIT_CONVERSION = YES;
				GCC_WARN_ABOUT_RETURN_TYPE = YES_ERROR;
				GCC_WARN_UNDECLARED_SELECTOR = YES;
				GCC_WARN_UNINITIALIZED_AUTOS = YES_AGGRESSIVE;
				GCC_WARN_UNUSED_FUNCTION = YES;
				GCC_WARN_UNUSED_VARIABLE = YES;
				IPHONEOS_DEPLOYMENT_TARGET = 14.0;
				MTL_ENABLE_DEBUG_INFO = INCLUDE_SOURCE;
				MTL_FAST_MATH = YES;
				ONLY_ACTIVE_ARCH = YES;
				SDKROOT = iphoneos;
				SWIFT_ACTIVE_COMPILATION_CONDITIONS = DEBUG;
				SWIFT_OPTIMIZATION_LEVEL = "-Onone";
			};
			name = Debug;
		};
		4C55AE4E22661FC300E61D60 /* Release */ = {
			isa = XCBuildConfiguration;
			buildSettings = {
				ALWAYS_SEARCH_USER_PATHS = NO;
				CLANG_ANALYZER_NONNULL = YES;
				CLANG_ANALYZER_NUMBER_OBJECT_CONVERSION = YES_AGGRESSIVE;
				CLANG_CXX_LANGUAGE_STANDARD = "gnu++14";
				CLANG_CXX_LIBRARY = "libc++";
				CLANG_ENABLE_MODULES = YES;
				CLANG_ENABLE_OBJC_ARC = YES;
				CLANG_ENABLE_OBJC_WEAK = YES;
				CLANG_WARN_BLOCK_CAPTURE_AUTORELEASING = YES;
				CLANG_WARN_BOOL_CONVERSION = YES;
				CLANG_WARN_COMMA = YES;
				CLANG_WARN_CONSTANT_CONVERSION = YES;
				CLANG_WARN_DEPRECATED_OBJC_IMPLEMENTATIONS = YES;
				CLANG_WARN_DIRECT_OBJC_ISA_USAGE = YES_ERROR;
				CLANG_WARN_DOCUMENTATION_COMMENTS = YES;
				CLANG_WARN_EMPTY_BODY = YES;
				CLANG_WARN_ENUM_CONVERSION = YES;
				CLANG_WARN_INFINITE_RECURSION = YES;
				CLANG_WARN_INT_CONVERSION = YES;
				CLANG_WARN_NON_LITERAL_NULL_CONVERSION = YES;
				CLANG_WARN_OBJC_IMPLICIT_RETAIN_SELF = YES;
				CLANG_WARN_OBJC_LITERAL_CONVERSION = YES;
				CLANG_WARN_OBJC_ROOT_CLASS = YES_ERROR;
				CLANG_WARN_QUOTED_INCLUDE_IN_FRAMEWORK_HEADER = YES;
				CLANG_WARN_RANGE_LOOP_ANALYSIS = YES;
				CLANG_WARN_STRICT_PROTOTYPES = YES;
				CLANG_WARN_SUSPICIOUS_MOVE = YES;
				CLANG_WARN_UNGUARDED_AVAILABILITY = YES_AGGRESSIVE;
				CLANG_WARN_UNREACHABLE_CODE = YES;
				CLANG_WARN__DUPLICATE_METHOD_MATCH = YES;
				CODE_SIGN_IDENTITY = "iPhone Developer";
				COPY_PHASE_STRIP = NO;
				DEBUG_INFORMATION_FORMAT = "dwarf-with-dsym";
				ENABLE_NS_ASSERTIONS = NO;
				ENABLE_STRICT_OBJC_MSGSEND = YES;
				GCC_C_LANGUAGE_STANDARD = gnu11;
				GCC_NO_COMMON_BLOCKS = YES;
				GCC_WARN_64_TO_32_BIT_CONVERSION = YES;
				GCC_WARN_ABOUT_RETURN_TYPE = YES_ERROR;
				GCC_WARN_UNDECLARED_SELECTOR = YES;
				GCC_WARN_UNINITIALIZED_AUTOS = YES_AGGRESSIVE;
				GCC_WARN_UNUSED_FUNCTION = YES;
				GCC_WARN_UNUSED_VARIABLE = YES;
				IPHONEOS_DEPLOYMENT_TARGET = 14.0;
				MTL_ENABLE_DEBUG_INFO = NO;
				MTL_FAST_MATH = YES;
				SDKROOT = iphoneos;
				SWIFT_COMPILATION_MODE = wholemodule;
				SWIFT_OPTIMIZATION_LEVEL = "-O";
				VALIDATE_PRODUCT = YES;
			};
			name = Release;
		};
		4C55AE5022661FC300E61D60 /* Debug */ = {
			isa = XCBuildConfiguration;
			buildSettings = {
				ASSETCATALOG_COMPILER_APPICON_NAME = AppIcon;
				CODE_SIGN_STYLE = Automatic;
				DEVELOPMENT_TEAM = 66M4S89E3T;
				INFOPLIST_FILE = Beam/Info.plist;
				LD_RUNPATH_SEARCH_PATHS = (
					"$(inherited)",
					"@executable_path/Frameworks",
				);
				PRODUCT_BUNDLE_IDENTIFIER = "com.reactivecode-studios.Beam";
				PRODUCT_NAME = "$(TARGET_NAME)";
				SWIFT_VERSION = 5.0;
				TARGETED_DEVICE_FAMILY = "1,2";
			};
			name = Debug;
		};
		4C55AE5122661FC300E61D60 /* Release */ = {
			isa = XCBuildConfiguration;
			buildSettings = {
				ASSETCATALOG_COMPILER_APPICON_NAME = AppIcon;
				CODE_SIGN_STYLE = Automatic;
				DEVELOPMENT_TEAM = 66M4S89E3T;
				INFOPLIST_FILE = Beam/Info.plist;
				LD_RUNPATH_SEARCH_PATHS = (
					"$(inherited)",
					"@executable_path/Frameworks",
				);
				PRODUCT_BUNDLE_IDENTIFIER = "com.reactivecode-studios.Beam";
				PRODUCT_NAME = "$(TARGET_NAME)";
				SWIFT_VERSION = 5.0;
				TARGETED_DEVICE_FAMILY = "1,2";
			};
			name = Release;
		};
/* End XCBuildConfiguration section */

/* Begin XCConfigurationList section */
		4C55AE3822661FC200E61D60 /* Build configuration list for PBXProject "Beam" */ = {
			isa = XCConfigurationList;
			buildConfigurations = (
				4C55AE4D22661FC300E61D60 /* Debug */,
				4C55AE4E22661FC300E61D60 /* Release */,
			);
			defaultConfigurationIsVisible = 0;
			defaultConfigurationName = Release;
		};
		4C55AE4F22661FC300E61D60 /* Build configuration list for PBXNativeTarget "Beam" */ = {
			isa = XCConfigurationList;
			buildConfigurations = (
				4C55AE5022661FC300E61D60 /* Debug */,
				4C55AE5122661FC300E61D60 /* Release */,
			);
			defaultConfigurationIsVisible = 0;
			defaultConfigurationName = Release;
		};
/* End XCConfigurationList section */
	};
	rootObject = 4C55AE3522661FC200E61D60 /* Project object */;
}
